
Microsoft Visual Studio Solution File, Format Version 12.00
# Visual Studio 15
VisualStudioVersion = 15.0.28307.329
MinimumVisualStudioVersion = 10.0.40219.1
Project("{FAE04EC0-301F-11D3-BF4B-00C04F79EFBC}") = "fileStorage", "fileStorage\fileStorage.csproj", "{A5C3D2B2-702C-4542-80D4-2A0B8126BF24}"
EndProject
Global
	GlobalSection(SolutionConfigurationPlatforms) = preSolution
		Debug|Any CPU = Debug|Any CPU
		Release|Any CPU = Release|Any CPU
	EndGlobalSection
	GlobalSection(ProjectConfigurationPlatforms) = postSolution
		{A5C3D2B2-702C-4542-80D4-2A0B8126BF24}.Debug|Any CPU.ActiveCfg = Debug|Any CPU
		{A5C3D2B2-702C-4542-80D4-2A0B8126BF24}.Debug|Any CPU.Build.0 = Debug|Any CPU
		{A5C3D2B2-702C-4542-80D4-2A0B8126BF24}.Release|Any CPU.ActiveCfg = Release|Any CPU
		{A5C3D2B2-702C-4542-80D4-2A0B8126BF24}.Release|Any CPU.Build.0 = Release|Any CPU
	EndGlobalSection
	GlobalSection(SolutionProperties) = preSolution
		HideSolutionNode = FALSE
	EndGlobalSection
	GlobalSection(ExtensibilityGlobals) = postSolution
		SolutionGuid = {BA96A88F-2717-43A4-A813-6393CA1D002D}
	EndGlobalSection
EndGlobal
